PODS:
  - Alamofire (4.5.0)
  - AnyFormatKit (2.5.1)
  - SwiftyJSON (3.1.4)

DEPENDENCIES:
  - Alamofire (= 4.5.0)
  - AnyFormatKit
  - SwiftyJSON (= 3.1.4)

SPEC REPOS:
  trunk:
    - Alamofire
    - AnyFormatKit
    - SwiftyJSON

SPEC CHECKSUMS:
  Alamofire: f28cdffd29de33a7bfa022cbd63ae95a27fae140
  AnyFormatKit: 4ef60ad3f48c69962d482bb2de0a6d3214e8527b
  SwiftyJSON: c2842d878f95482ffceec5709abc3d05680c0220

PODFILE CHECKSUM: 83dde678afe870e74ffef16329c97b2542f04c3b

COCOAPODS: 1.10.0
